
Microsoft Visual Studio Solution File, Format Version 12.00
# Visual Studio Version 17
VisualStudioVersion = 17.9.34622.214
MinimumVisualStudioVersion = 10.0.40219.1
Project("{FAE04EC0-301F-11D3-BF4B-00C04F79EFBC}") = "RPS_Game", "RPS_Game\RPS_Game.csproj", "{82BF78F4-47E5-45A3-BDFC-03D9AC718A6A}"
EndProject
Global
	GlobalSection(SolutionConfigurationPlatforms) = preSolution
		Debug|Any CPU = Debug|Any CPU
		Release|Any CPU = Release|Any CPU
	EndGlobalSection
	GlobalSection(ProjectConfigurationPlatforms) = postSolution
		{82BF78F4-47E5-45A3-BDFC-03D9AC718A6A}.Debug|Any CPU.ActiveCfg = Debug|Any CPU
		{82BF78F4-47E5-45A3-BDFC-03D9AC718A6A}.Debug|Any CPU.Build.0 = Debug|Any CPU
		{82BF78F4-47E5-45A3-BDFC-03D9AC718A6A}.Release|Any CPU.ActiveCfg = Release|Any CPU
		{82BF78F4-47E5-45A3-BDFC-03D9AC718A6A}.Release|Any CPU.Build.0 = Release|Any CPU
	EndGlobalSection
	GlobalSection(SolutionProperties) = preSolution
		HideSolutionNode = FALSE
	EndGlobalSection
	GlobalSection(ExtensibilityGlobals) = postSolution
		SolutionGuid = {100F36E0-348C-4363-96CB-C25BFFD0EB68}
	EndGlobalSection
EndGlobal
